
Microsoft Visual Studio Solution File, Format Version 12.00
# Visual Studio 2012
Project("{FAE04EC0-301F-11D3-BF4B-00C04F79EFBC}") = "Draw", "Draw.csproj", "{0E7202FD-DA97-4936-8E2E-CAAADFC450E3}"
EndProject
Project("{2150E333-8FDC-42A3-9474-1A3956D46DE8}") = "Solution Items", "Solution Items", "{D43BC8E0-3143-4DBD-B9F2-AA6A9B3EE805}"
EndProject
Global
	GlobalSection(SolutionConfigurationPlatforms) = preSolution
		Debug|Any CPU = Debug|Any CPU
		Release|Any CPU = Release|Any CPU
	EndGlobalSection
	GlobalSection(ProjectConfigurationPlatforms) = postSolution
		{0E7202FD-DA97-4936-8E2E-CAAADFC450E3}.Debug|Any CPU.ActiveCfg = Debug|Any CPU
		{0E7202FD-DA97-4936-8E2E-CAAADFC450E3}.Debug|Any CPU.Build.0 = Debug|Any CPU
		{0E7202FD-DA97-4936-8E2E-CAAADFC450E3}.Release|Any CPU.ActiveCfg = Release|Any CPU
		{0E7202FD-DA97-4936-8E2E-CAAADFC450E3}.Release|Any CPU.Build.0 = Release|Any CPU
	EndGlobalSection
	GlobalSection(SolutionProperties) = preSolution
		HideSolutionNode = FALSE
	EndGlobalSection
EndGlobal
